
Microsoft Visual Studio Solution File, Format Version 12.00
# Visual Studio Version 17
VisualStudioVersion = 17.8.34309.116
MinimumVisualStudioVersion = 10.0.40219.1
Project("{FAE04EC0-301F-11D3-BF4B-00C04F79EFBC}") = "ThisIsMain", "ThisIsMain\ThisIsMain.csproj", "{CF24CD2E-D4C6-4452-9F79-C7076D305337}"
EndProject
Global
	GlobalSection(SolutionConfigurationPlatforms) = preSolution
		Debug|Any CPU = Debug|Any CPU
		Release|Any CPU = Release|Any CPU
	EndGlobalSection
	GlobalSection(ProjectConfigurationPlatforms) = postSolution
		{CF24CD2E-D4C6-4452-9F79-C7076D305337}.Debug|Any CPU.ActiveCfg = Debug|Any CPU
		{CF24CD2E-D4C6-4452-9F79-C7076D305337}.Debug|Any CPU.Build.0 = Debug|Any CPU
		{CF24CD2E-D4C6-4452-9F79-C7076D305337}.Release|Any CPU.ActiveCfg = Release|Any CPU
		{CF24CD2E-D4C6-4452-9F79-C7076D305337}.Release|Any CPU.Build.0 = Release|Any CPU
	EndGlobalSection
	GlobalSection(SolutionProperties) = preSolution
		HideSolutionNode = FALSE
	EndGlobalSection
	GlobalSection(ExtensibilityGlobals) = postSolution
		SolutionGuid = {4C991195-D9C4-4E43-826F-FB4FB4BC9486}
	EndGlobalSection
EndGlobal
